<?xml version="1.0" encoding="utf-8"?>
<Project ToolsVersion="4.0" xmlns="http://schemas.microsoft.com/developer/msbuild/2003">
  <ItemGroup>
    <Filter Include="Source Files">
      <UniqueIdentifier>{4FC737F1-C7A5-4376-A066-2A32D752A2FF}</UniqueIdentifier>
      <Extensions>cpp;c;cc;cxx;def;odl;idl;hpj;bat;asm;asmx</Extensions>
    </Filter>
    <Filter Include="Header Files">
      <UniqueIdentifier>{93995380-89BD-4b04-88EB-625FBE52EBFB}</UniqueIdentifier>
      <Extensions>h;hh;hpp;hxx;hm;inl;inc;ipp;xsd</Extensions>
    </Filter>
    <Filter Include="Resource Files">
      <UniqueIdentifier>{67DA6AB6-F800-4c08-8B7A-83BB121AAD01}</UniqueIdentifier>
      <Extensions>rc;ico;cur;bmp;dlg;rc2;rct;bin;rgs;gif;jpg;jpeg;jpe;resx;tiff;tif;png;wav;mfcribbon-ms</Extensions>
    </Filter>
  </ItemGroup>
  <ItemGroup>
    <ClInclude Include="src\Common\Datatype\ai.h">
      <Filter>Header Files</Filter>
    </ClInclude>
    <ClInclude Include="src\Common\Datatype\glm.h">
      <Filter>Header Files</Filter>
    </ClInclude>
    <ClInclude Include="src\Common\Datatype\String.h">
      <Filter>Header Files</Filter>
    </ClInclude>
    <ClInclude Include="src\Common\Datatype\Vector.h">
      <Filter>Header Files</Filter>
    </ClInclude>
    <ClInclude Include="src\Common\Common.h">
      <Filter>Header Files</Filter>
    </ClInclude>
    <ClInclude Include="src\Common\MathDef.h">
      <Filter>Header Files</Filter>
    </ClInclude>
    <ClInclude Include="src\Common\Settings.h">
      <Filter>Header Files</Filter>
    </ClInclude>
    <ClInclude Include="src\Common\Util.h">
      <Filter>Header Files</Filter>
    </ClInclude>
    <ClInclude Include="src\Component\Asset\Listener\AnimationListener.h">
      <Filter>Header Files</Filter>
    </ClInclude>
    <ClInclude Include="src\Component\Asset\Listener\AssetListener.h">
      <Filter>Header Files</Filter>
    </ClInclude>
    <ClInclude Include="src\Component\Asset\Loader\AnimationLoader.h">
      <Filter>Header Files</Filter>
    </ClInclude>
    <ClInclude Include="src\Component\Asset\Loader\AssetLoader.h">
      <Filter>Header Files</Filter>
    </ClInclude>
    <ClInclude Include="src\Component\Asset\Loader\BaseLoader.h">
      <Filter>Header Files</Filter>
    </ClInclude>
    <ClInclude Include="src\Component\Asset\Model\Animation\AnimatedMesh.h">
      <Filter>Header Files</Filter>
    </ClInclude>
    <ClInclude Include="src\Component\Asset\Model\Animation\AnimIndexModel.h">
      <Filter>Header Files</Filter>
    </ClInclude>
    <ClInclude Include="src\Component\Asset\Model\Asset\AssetMesh.h">
      <Filter>Header Files</Filter>
    </ClInclude>
    <ClInclude Include="src\Component\Asset\Model\Asset\IndexModel.h">
      <Filter>Header Files</Filter>
    </ClInclude>
    <ClInclude Include="src\Component\Asset\Model\BasicMesh.h">
      <Filter>Header Files</Filter>
    </ClInclude>
    <ClInclude Include="src\Component\Asset\Model\Material.h">
      <Filter>Header Files</Filter>
    </ClInclude>
    <ClInclude Include="src\Component\Asset\Model\Texture.h">
      <Filter>Header Files</Filter>
    </ClInclude>
    <ClInclude Include="src\Component\Asset\AnimatedAsset.h">
      <Filter>Header Files</Filter>
    </ClInclude>
    <ClInclude Include="src\Component\Asset\Asset.h">
      <Filter>Header Files</Filter>
    </ClInclude>
    <ClInclude Include="src\Component\Camera\Camera.h">
      <Filter>Header Files</Filter>
    </ClInclude>
    <ClInclude Include="src\Component\Camera\CameraListener.h">
      <Filter>Header Files</Filter>
    </ClInclude>
    <ClInclude Include="src\Component\Camera\CameraSystem.h">
      <Filter>Header Files</Filter>
    </ClInclude>
    <ClInclude Include="src\Component\Camera\FreeLook.h">
      <Filter>Header Files</Filter>
    </ClInclude>
    <ClInclude Include="src\Component\Camera\FreeMove.h">
      <Filter>Header Files</Filter>
    </ClInclude>
    <ClInclude Include="src\Component\Camera\Frustum.h">
      <Filter>Header Files</Filter>
    </ClInclude>
    <ClInclude Include="src\Component\Control\Billboard.h">
      <Filter>Header Files</Filter>
    </ClInclude>
    <ClInclude Include="src\Component\Control\BillboardSystem.h">
      <Filter>Header Files</Filter>
    </ClInclude>
    <ClInclude Include="src\Component\Physik\Collider.h">
      <Filter>Header Files</Filter>
    </ClInclude>
    <ClInclude Include="src\Component\Physik\InteractionWorld.h">
      <Filter>Header Files</Filter>
    </ClInclude>
    <ClInclude Include="src\Component\Physik\RigidBody.h">
      <Filter>Header Files</Filter>
    </ClInclude>
    <ClInclude Include="src\Component\Sound\Sound.h">
      <Filter>Header Files</Filter>
    </ClInclude>
    <ClInclude Include="src\Component\Sound\SoundSystems.h">
      <Filter>Header Files</Filter>
    </ClInclude>
    <ClInclude Include="src\System\Application\Application.h">
      <Filter>Header Files</Filter>
    </ClInclude>
    <ClInclude Include="src\System\Application\StateBase.h">
      <Filter>Header Files</Filter>
    </ClInclude>
    <ClInclude Include="src\System\ECS\Component.h">
      <Filter>Header Files</Filter>
    </ClInclude>
    <ClInclude Include="src\System\ECS\Entity.h">
      <Filter>Header Files</Filter>
    </ClInclude>
    <ClInclude Include="src\System\ECS\FLAGS.h">
      <Filter>Header Files</Filter>
    </ClInclude>
    <ClInclude Include="src\System\ECS\Include.h">
      <Filter>Header Files</Filter>
    </ClInclude>
    <ClInclude Include="src\System\ECS\Listener.h">
      <Filter>Header Files</Filter>
    </ClInclude>
    <ClInclude Include="src\System\ECS\Manager.h">
      <Filter>Header Files</Filter>
    </ClInclude>
    <ClInclude Include="src\System\ECS\Script.h">
      <Filter>Header Files</Filter>
    </ClInclude>
    <ClInclude Include="src\System\ECS\System.h">
      <Filter>Header Files</Filter>
    </ClInclude>
    <ClInclude Include="src\System\ECS\SystemList.h">
      <Filter>Header Files</Filter>
    </ClInclude>
    <ClInclude Include="src\System\ECS\Transform.h">
      <Filter>Header Files</Filter>
    </ClInclude>
    <ClInclude Include="src\System\Events\Dispatcher.h">
      <Filter>Header Files</Filter>
    </ClInclude>
    <ClInclude Include="src\System\Events\Subscriber.h">
      <Filter>Header Files</Filter>
    </ClInclude>
    <ClInclude Include="src\System\Loader\Loader.h">
      <Filter>Header Files</Filter>
    </ClInclude>
    <ClInclude Include="src\System\Loader\stb_image.h">
      <Filter>Header Files</Filter>
    </ClInclude>
    <ClInclude Include="src\System\Logger\Logger.h">
      <Filter>Header Files</Filter>
    </ClInclude>
    <ClInclude Include="src\System\Logger\Stopwatch.h">
      <Filter>Header Files</Filter>
    </ClInclude>
    <ClInclude Include="src\System\Renderer\Debug\BulletDebugDraw.h">
      <Filter>Header Files</Filter>
    </ClInclude>
    <ClInclude Include="src\System\Renderer\Deferred\DeferredRenderer.h">
      <Filter>Header Files</Filter>
    </ClInclude>
    <ClInclude Include="src\System\Renderer\Deferred\FBO.h">
      <Filter>Header Files</Filter>
    </ClInclude>
    <ClInclude Include="src\System\Renderer\Lights\Lights.h">
      <Filter>Header Files</Filter>
    </ClInclude>
    <ClInclude Include="src\System\Renderer\Lights\LightSystems.h">
      <Filter>Header Files</Filter>
    </ClInclude>
    <ClInclude Include="src\System\Renderer\Particles\ParticleSystem.h">
      <Filter>Header Files</Filter>
    </ClInclude>
    <ClInclude Include="src\System\Renderer\Shader\Shader.h">
      <Filter>Header Files</Filter>
    </ClInclude>
    <ClInclude Include="src\System\Renderer\Shadow\ShadowBox.h">
      <Filter>Header Files</Filter>
    </ClInclude>
    <ClInclude Include="src\System\Renderer\Shadow\ShadowRenderer.h">
      <Filter>Header Files</Filter>
    </ClInclude>
    <ClInclude Include="src\System\Renderer\Skybox\Skybox.h">
      <Filter>Header Files</Filter>
    </ClInclude>
    <ClInclude Include="src\System\Renderer\Systems\AnimationRenderer.h">
      <Filter>Header Files</Filter>
    </ClInclude>
    <ClInclude Include="src\System\Renderer\Systems\AssertRenderer.h">
      <Filter>Header Files</Filter>
    </ClInclude>
    <ClInclude Include="src\System\Renderer\MasterRenderer.h">
      <Filter>Header Files</Filter>
    </ClInclude>
    <ClInclude Include="src\System\Resource\ResourceHolder.h">
      <Filter>Header Files</Filter>
    </ClInclude>
    <ClInclude Include="src\System\Resource\ResourceManager.h">
      <Filter>Header Files</Filter>
    </ClInclude>
    <ClInclude Include="src\System\System\Clock.h">
      <Filter>Header Files</Filter>
    </ClInclude>
    <ClInclude Include="src\System\System\Debug.h">
      <Filter>Header Files</Filter>
    </ClInclude>
    <ClInclude Include="src\System\System\FileSystem.h">
      <Filter>Header Files</Filter>
    </ClInclude>
    <ClInclude Include="src\System\System\Keyboard.h">
      <Filter>Header Files</Filter>
    </ClInclude>
    <ClInclude Include="src\System\System\ToggleKey.h">
      <Filter>Header Files</Filter>
    </ClInclude>
    <ClInclude Include="src\System\Window\Window.h">
      <Filter>Header Files</Filter>
    </ClInclude>
    <ClInclude Include="src\Test.h">
      <Filter>Header Files</Filter>
    </ClInclude>
    <ClInclude Include="src\System\Renderer\PostProcessing\PostEffect.h">
      <Filter>Header Files</Filter>
    </ClInclude>
    <ClInclude Include="src\System\Renderer\PostProcessing\SSR.h">
      <Filter>Header Files</Filter>
    </ClInclude>
    <ClInclude Include="src\System\Renderer\RenderEnums.h">
      <Filter>Header Files</Filter>
    </ClInclude>
    <ClInclude Include="src\Examples\SoundExample.h">
      <Filter>Header Files</Filter>
    </ClInclude>
    <ClInclude Include="src\Examples\ExampleBase.h">
      <Filter>Header Files</Filter>
    </ClInclude>
    <ClInclude Include="src\Examples\PPExample.h">
      <Filter>Header Files</Filter>
    </ClInclude>
    <ClInclude Include="src\Examples\PPEffectInverseColor.h">
      <Filter>Header Files</Filter>
    </ClInclude>
    <ClInclude Include="src\Examples\AnimationExample.h">
      <Filter>Header Files</Filter>
    </ClInclude>
    <ClInclude Include="src\Examples\DeferredExample.h">
      <Filter>Header Files</Filter>
    </ClInclude>
    <ClInclude Include="src\Examples\PPDisplayDeferred.h">
      <Filter>Header Files</Filter>
    </ClInclude>
    <ClInclude Include="src\Examples\ParentingExample.h">
      <Filter>Header Files</Filter>
    </ClInclude>
    <ClInclude Include="src\Examples\EventExample.h">
      <Filter>Header Files</Filter>
    </ClInclude>
    <ClInclude Include="src\Examples\ShadowExample.h">
      <Filter>Header Files</Filter>
    </ClInclude>
  </ItemGroup>
  <ItemGroup>
    <ClCompile Include="src\Common\Datatype\String.cpp">
      <Filter>Source Files</Filter>
    </ClCompile>
    <ClCompile Include="src\Common\Common.cpp">
      <Filter>Source Files</Filter>
    </ClCompile>
    <ClCompile Include="src\Component\Asset\Listener\AnimationListener.cpp">
      <Filter>Source Files</Filter>
    </ClCompile>
    <ClCompile Include="src\Component\Asset\Listener\AssetListener.cpp">
      <Filter>Source Files</Filter>
    </ClCompile>
    <ClCompile Include="src\Component\Asset\Loader\AnimationLoader.cpp">
      <Filter>Source Files</Filter>
    </ClCompile>
    <ClCompile Include="src\Component\Asset\Loader\AssetLoader.cpp">
      <Filter>Source Files</Filter>
    </ClCompile>
    <ClCompile Include="src\Component\Asset\Loader\BaseLoader.cpp">
      <Filter>Source Files</Filter>
    </ClCompile>
    <ClCompile Include="src\Component\Asset\Model\Animation\AnimatedMesh.cpp">
      <Filter>Source Files</Filter>
    </ClCompile>
    <ClCompile Include="src\Component\Asset\Model\Animation\AnimIndexModel.cpp">
      <Filter>Source Files</Filter>
    </ClCompile>
    <ClCompile Include="src\Component\Asset\Model\Asset\AssetMesh.cpp">
      <Filter>Source Files</Filter>
    </ClCompile>
    <ClCompile Include="src\Component\Asset\Model\Asset\IndexModel.cpp">
      <Filter>Source Files</Filter>
    </ClCompile>
    <ClCompile Include="src\Component\Asset\Model\BasicMesh.cpp">
      <Filter>Source Files</Filter>
    </ClCompile>
    <ClCompile Include="src\Component\Asset\Model\Material.cpp">
      <Filter>Source Files</Filter>
    </ClCompile>
    <ClCompile Include="src\Component\Camera\Camera.cpp">
      <Filter>Source Files</Filter>
    </ClCompile>
    <ClCompile Include="src\Component\Camera\CameraListener.cpp">
      <Filter>Source Files</Filter>
    </ClCompile>
    <ClCompile Include="src\Component\Camera\CameraSystem.cpp">
      <Filter>Source Files</Filter>
    </ClCompile>
    <ClCompile Include="src\Component\Camera\Frustum.cpp">
      <Filter>Source Files</Filter>
    </ClCompile>
    <ClCompile Include="src\Component\Physik\InteractionWorld.cpp">
      <Filter>Source Files</Filter>
    </ClCompile>
    <ClCompile Include="src\Component\Physik\RigidBody.cpp">
      <Filter>Source Files</Filter>
    </ClCompile>
    <ClCompile Include="src\Component\Sound\Sound.cpp">
      <Filter>Source Files</Filter>
    </ClCompile>
    <ClCompile Include="src\Component\Sound\SoundSystems.cpp">
      <Filter>Source Files</Filter>
    </ClCompile>
    <ClCompile Include="src\System\Application\Application.cpp">
      <Filter>Source Files</Filter>
    </ClCompile>
    <ClCompile Include="src\System\Application\StateBase.cpp">
      <Filter>Source Files</Filter>
    </ClCompile>
    <ClCompile Include="src\System\ECS\Component.cpp">
      <Filter>Source Files</Filter>
    </ClCompile>
    <ClCompile Include="src\System\ECS\Entity.cpp">
      <Filter>Source Files</Filter>
    </ClCompile>
    <ClCompile Include="src\System\ECS\Listener.cpp">
      <Filter>Source Files</Filter>
    </ClCompile>
    <ClCompile Include="src\System\ECS\Manager.cpp">
      <Filter>Source Files</Filter>
    </ClCompile>
    <ClCompile Include="src\System\ECS\System.cpp">
      <Filter>Source Files</Filter>
    </ClCompile>
    <ClCompile Include="src\System\ECS\SystemList.cpp">
      <Filter>Source Files</Filter>
    </ClCompile>
    <ClCompile Include="src\System\ECS\Transform.cpp">
      <Filter>Source Files</Filter>
    </ClCompile>
    <ClCompile Include="src\System\Events\Dispatcher.cpp">
      <Filter>Source Files</Filter>
    </ClCompile>
    <ClCompile Include="src\System\Loader\Loader.cpp">
      <Filter>Source Files</Filter>
    </ClCompile>
    <ClCompile Include="src\System\Logger\Logger.cpp">
      <Filter>Source Files</Filter>
    </ClCompile>
    <ClCompile Include="src\System\Logger\Stopwatch.cpp">
      <Filter>Source Files</Filter>
    </ClCompile>
    <ClCompile Include="src\System\Renderer\Debug\BulletDebugDraw.cpp">
      <Filter>Source Files</Filter>
    </ClCompile>
    <ClCompile Include="src\System\Renderer\Deferred\DeferredRenderer.cpp">
      <Filter>Source Files</Filter>
    </ClCompile>
    <ClCompile Include="src\System\Renderer\Deferred\FBO.cpp">
      <Filter>Source Files</Filter>
    </ClCompile>
    <ClCompile Include="src\System\Renderer\Lights\Lights.cpp">
      <Filter>Source Files</Filter>
    </ClCompile>
    <ClCompile Include="src\System\Renderer\Lights\LightSystems.cpp">
      <Filter>Source Files</Filter>
    </ClCompile>
    <ClCompile Include="src\System\Renderer\Particles\ParticleSystem.cpp">
      <Filter>Source Files</Filter>
    </ClCompile>
    <ClCompile Include="src\System\Renderer\Shader\Shader.cpp">
      <Filter>Source Files</Filter>
    </ClCompile>
    <ClCompile Include="src\System\Renderer\Shadow\ShadowRenderer.cpp">
      <Filter>Source Files</Filter>
    </ClCompile>
    <ClCompile Include="src\System\Renderer\Skybox\Skybox.cpp">
      <Filter>Source Files</Filter>
    </ClCompile>
    <ClCompile Include="src\System\Renderer\Systems\AnimationRenderer.cpp">
      <Filter>Source Files</Filter>
    </ClCompile>
    <ClCompile Include="src\System\Renderer\Systems\AssertRenderer.cpp">
      <Filter>Source Files</Filter>
    </ClCompile>
    <ClCompile Include="src\System\Renderer\MasterRenderer.cpp">
      <Filter>Source Files</Filter>
    </ClCompile>
    <ClCompile Include="src\System\Resource\ResourceManager.cpp">
      <Filter>Source Files</Filter>
    </ClCompile>
    <ClCompile Include="src\System\System\Debug.cpp">
      <Filter>Source Files</Filter>
    </ClCompile>
    <ClCompile Include="src\System\System\FileSystem.cpp">
      <Filter>Source Files</Filter>
    </ClCompile>
    <ClCompile Include="src\System\System\Keyboard.cpp">
      <Filter>Source Files</Filter>
    </ClCompile>
    <ClCompile Include="src\System\System\ToggleKey.cpp">
      <Filter>Source Files</Filter>
    </ClCompile>
    <ClCompile Include="src\System\Window\Window.cpp">
      <Filter>Source Files</Filter>
    </ClCompile>
    <ClCompile Include="src\Main.cpp">
      <Filter>Source Files</Filter>
    </ClCompile>
    <ClCompile Include="src\System\Renderer\Shadow\ShadowBox.cpp">
      <Filter>Source Files</Filter>
    </ClCompile>
    <ClCompile Include="src\System\Renderer\PostProcessing\SSR.cpp">
      <Filter>Source Files</Filter>
    </ClCompile>
    <ClCompile Include="src\Examples\PPEffectInverseColor.cpp">
      <Filter>Source Files</Filter>
    </ClCompile>
    <ClCompile Include="src\Examples\PPDisplayDeferred.cpp">
      <Filter>Source Files</Filter>
    </ClCompile>
    <ClCompile Include="src\Examples\ExampleBase.cpp">
      <Filter>Source Files</Filter>
    </ClCompile>
  </ItemGroup>
</Project>